
Microsoft Visual Studio Solution File, Format Version 12.00
# Visual Studio Version 17
VisualStudioVersion = 17.2.32526.322
MinimumVisualStudioVersion = 10.0.40219.1
Project("{FAE04EC0-301F-11D3-BF4B-00C04F79EFBC}") = "Tetris", "Tetris\Tetris.csproj", "{659E5DCF-01F5-4539-A96F-2B8E6DEEA3A2}"
EndProject
Global
	GlobalSection(SolutionConfigurationPlatforms) = preSolution
		Debug|Any CPU = Debug|Any CPU
		Release|Any CPU = Release|Any CPU
	EndGlobalSection
	GlobalSection(ProjectConfigurationPlatforms) = postSolution
		{659E5DCF-01F5-4539-A96F-2B8E6DEEA3A2}.Debug|Any CPU.ActiveCfg = Debug|Any CPU
		{659E5DCF-01F5-4539-A96F-2B8E6DEEA3A2}.Debug|Any CPU.Build.0 = Debug|Any CPU
		{659E5DCF-01F5-4539-A96F-2B8E6DEEA3A2}.Release|Any CPU.ActiveCfg = Release|Any CPU
		{659E5DCF-01F5-4539-A96F-2B8E6DEEA3A2}.Release|Any CPU.Build.0 = Release|Any CPU
	EndGlobalSection
	GlobalSection(SolutionProperties) = preSolution
		HideSolutionNode = FALSE
	EndGlobalSection
	GlobalSection(ExtensibilityGlobals) = postSolution
		SolutionGuid = {80684DB9-4096-46F3-A9BB-4A739B5155A6}
	EndGlobalSection
EndGlobal
